
Microsoft Visual Studio Solution File, Format Version 12.00
# Visual Studio Version 17
VisualStudioVersion = 17.0.32112.339
MinimumVisualStudioVersion = 10.0.40219.1
Project("{2150E333-8FDC-42A3-9474-1A3956D46DE8}") = "src", "src", "{30682811-1BF3-4569-B71B-C7AC0385F016}"
EndProject
Project("{2150E333-8FDC-42A3-9474-1A3956D46DE8}") = "test", "test", "{67436825-3B41-42DE-BC2F-361AF1AB47D0}"
EndProject
Project("{2150E333-8FDC-42A3-9474-1A3956D46DE8}") = "BuildingBlocks", "BuildingBlocks", "{668FAC0E-35E5-4303-9A9A-70D8B2FFAC21}"
EndProject
Project("{2150E333-8FDC-42A3-9474-1A3956D46DE8}") = "EventBus", "EventBus", "{8302A8CA-662E-4045-8921-3C4AD635C553}"
EndProject
Project("{9A19103F-16F7-4668-BE54-9A1E7A4F7556}") = "EventBus.Base", "src\BuildingBlocks\EventBus\EventBus.Base\EventBus.Base.csproj", "{EE54C6D2-013B-443A-9E0F-AA0673FEA7E9}"
EndProject
Project("{9A19103F-16F7-4668-BE54-9A1E7A4F7556}") = "EventBus.Factory", "src\BuildingBlocks\EventBus\EventBus.Factory\EventBus.Factory.csproj", "{A3EE8565-5AFF-4B74-8911-DFEB80602AC7}"
EndProject
Project("{9A19103F-16F7-4668-BE54-9A1E7A4F7556}") = "EventBus.RabbitMQ", "src\BuildingBlocks\EventBus\EventBus.RabbitMQ\EventBus.RabbitMQ.csproj", "{03B0EC5D-F0EF-4084-9425-595D681678E1}"
EndProject
Project("{2150E333-8FDC-42A3-9474-1A3956D46DE8}") = "BuildingBlocks", "BuildingBlocks", "{66C2298E-1DE9-4319-87A7-F48CD6ED7875}"
EndProject
Project("{9A19103F-16F7-4668-BE54-9A1E7A4F7556}") = "EventBus.UnitTest", "test\BuildingBlocks\EventBus.UnitTest\EventBus.UnitTest.csproj", "{7C73C600-BB4C-416A-A128-F105A7EEDE2C}"
EndProject
Project("{2150E333-8FDC-42A3-9474-1A3956D46DE8}") = "UserService", "UserService", "{A009F35B-4376-45EA-A5B5-5B5D14FF57AF}"
EndProject
Project("{9A19103F-16F7-4668-BE54-9A1E7A4F7556}") = "UserService.Application", "src\UserService\UserService.Application\UserService.Application.csproj", "{7A20773A-0AE8-4AEF-A772-3770B379F49D}"
EndProject
Project("{9A19103F-16F7-4668-BE54-9A1E7A4F7556}") = "UserService.Domain", "src\UserService\UserService.Domain\UserService.Domain.csproj", "{CD4406EA-E16B-48AC-B8BA-A9516AB6D784}"
EndProject
Project("{9A19103F-16F7-4668-BE54-9A1E7A4F7556}") = "UserService.Api", "src\UserService\UserService.Api\UserService.Api.csproj", "{C09D3B70-8321-467F-BED0-2BCA8FF98B29}"
EndProject
Project("{9A19103F-16F7-4668-BE54-9A1E7A4F7556}") = "UserService.Infrastructure", "src\UserService\UserService.Infrastructure\UserService.Infrastructure.csproj", "{0511CD4E-06E3-4905-9258-79BE0F022012}"
EndProject
Project("{2150E333-8FDC-42A3-9474-1A3956D46DE8}") = "UserManagementService", "UserManagementService", "{F5E693BB-C76F-42E0-8110-0EE5FCA03B19}"
EndProject
Project("{FAE04EC0-301F-11D3-BF4B-00C04F79EFBC}") = "UserManagement.Application", "src\UserManagementService\UserManagement.Application\UserManagement.Application.csproj", "{794D2C91-5FFB-44DF-9BE6-69D5A771AC1D}"
EndProject
Project("{FAE04EC0-301F-11D3-BF4B-00C04F79EFBC}") = "UserManagement.Infrastructure", "src\UserManagementService\UserManagement.Infrastructure\UserManagement.Infrastructure.csproj", "{363A2C48-6B8D-4F7D-9E02-515B6DF6FCAA}"
EndProject
Project("{FAE04EC0-301F-11D3-BF4B-00C04F79EFBC}") = "UserManagement.Domain", "src\UserManagementService\UserManagement.Domain\UserManagement.Domain.csproj", "{08C4E6EC-2C2D-4437-BC99-BE7149079AA7}"
EndProject
Project("{FAE04EC0-301F-11D3-BF4B-00C04F79EFBC}") = "UserManagement.GrpcService", "src\UserManagementService\UserManagement.GrpcService\UserManagement.GrpcService.csproj", "{7440895A-31C1-452C-8DAC-996FCE4C700E}"
EndProject
Project("{FAE04EC0-301F-11D3-BF4B-00C04F79EFBC}") = "UserManagement.Api", "src\UserManagementService\UserManagement.Api\UserManagement.Api.csproj", "{A336CBCE-F39C-4C3C-A24D-DCB28CA39D94}"
EndProject
Global
	GlobalSection(SolutionConfigurationPlatforms) = preSolution
		Debug|Any CPU = Debug|Any CPU
		Release|Any CPU = Release|Any CPU
	EndGlobalSection
	GlobalSection(ProjectConfigurationPlatforms) = postSolution
		{EE54C6D2-013B-443A-9E0F-AA0673FEA7E9}.Debug|Any CPU.ActiveCfg = Debug|Any CPU
		{EE54C6D2-013B-443A-9E0F-AA0673FEA7E9}.Debug|Any CPU.Build.0 = Debug|Any CPU
		{EE54C6D2-013B-443A-9E0F-AA0673FEA7E9}.Release|Any CPU.ActiveCfg = Release|Any CPU
		{EE54C6D2-013B-443A-9E0F-AA0673FEA7E9}.Release|Any CPU.Build.0 = Release|Any CPU
		{A3EE8565-5AFF-4B74-8911-DFEB80602AC7}.Debug|Any CPU.ActiveCfg = Debug|Any CPU
		{A3EE8565-5AFF-4B74-8911-DFEB80602AC7}.Debug|Any CPU.Build.0 = Debug|Any CPU
		{A3EE8565-5AFF-4B74-8911-DFEB80602AC7}.Release|Any CPU.ActiveCfg = Release|Any CPU
		{A3EE8565-5AFF-4B74-8911-DFEB80602AC7}.Release|Any CPU.Build.0 = Release|Any CPU
		{03B0EC5D-F0EF-4084-9425-595D681678E1}.Debug|Any CPU.ActiveCfg = Debug|Any CPU
		{03B0EC5D-F0EF-4084-9425-595D681678E1}.Debug|Any CPU.Build.0 = Debug|Any CPU
		{03B0EC5D-F0EF-4084-9425-595D681678E1}.Release|Any CPU.ActiveCfg = Release|Any CPU
		{03B0EC5D-F0EF-4084-9425-595D681678E1}.Release|Any CPU.Build.0 = Release|Any CPU
		{7C73C600-BB4C-416A-A128-F105A7EEDE2C}.Debug|Any CPU.ActiveCfg = Debug|Any CPU
		{7C73C600-BB4C-416A-A128-F105A7EEDE2C}.Debug|Any CPU.Build.0 = Debug|Any CPU
		{7C73C600-BB4C-416A-A128-F105A7EEDE2C}.Release|Any CPU.ActiveCfg = Release|Any CPU
		{7C73C600-BB4C-416A-A128-F105A7EEDE2C}.Release|Any CPU.Build.0 = Release|Any CPU
		{7A20773A-0AE8-4AEF-A772-3770B379F49D}.Debug|Any CPU.ActiveCfg = Debug|Any CPU
		{7A20773A-0AE8-4AEF-A772-3770B379F49D}.Debug|Any CPU.Build.0 = Debug|Any CPU
		{7A20773A-0AE8-4AEF-A772-3770B379F49D}.Release|Any CPU.ActiveCfg = Release|Any CPU
		{7A20773A-0AE8-4AEF-A772-3770B379F49D}.Release|Any CPU.Build.0 = Release|Any CPU
		{CD4406EA-E16B-48AC-B8BA-A9516AB6D784}.Debug|Any CPU.ActiveCfg = Debug|Any CPU
		{CD4406EA-E16B-48AC-B8BA-A9516AB6D784}.Debug|Any CPU.Build.0 = Debug|Any CPU
		{CD4406EA-E16B-48AC-B8BA-A9516AB6D784}.Release|Any CPU.ActiveCfg = Release|Any CPU
		{CD4406EA-E16B-48AC-B8BA-A9516AB6D784}.Release|Any CPU.Build.0 = Release|Any CPU
		{C09D3B70-8321-467F-BED0-2BCA8FF98B29}.Debug|Any CPU.ActiveCfg = Debug|Any CPU
		{C09D3B70-8321-467F-BED0-2BCA8FF98B29}.Debug|Any CPU.Build.0 = Debug|Any CPU
		{C09D3B70-8321-467F-BED0-2BCA8FF98B29}.Release|Any CPU.ActiveCfg = Release|Any CPU
		{C09D3B70-8321-467F-BED0-2BCA8FF98B29}.Release|Any CPU.Build.0 = Release|Any CPU
		{0511CD4E-06E3-4905-9258-79BE0F022012}.Debug|Any CPU.ActiveCfg = Debug|Any CPU
		{0511CD4E-06E3-4905-9258-79BE0F022012}.Debug|Any CPU.Build.0 = Debug|Any CPU
		{0511CD4E-06E3-4905-9258-79BE0F022012}.Release|Any CPU.ActiveCfg = Release|Any CPU
		{0511CD4E-06E3-4905-9258-79BE0F022012}.Release|Any CPU.Build.0 = Release|Any CPU
		{794D2C91-5FFB-44DF-9BE6-69D5A771AC1D}.Debug|Any CPU.ActiveCfg = Debug|Any CPU
		{794D2C91-5FFB-44DF-9BE6-69D5A771AC1D}.Debug|Any CPU.Build.0 = Debug|Any CPU
		{794D2C91-5FFB-44DF-9BE6-69D5A771AC1D}.Release|Any CPU.ActiveCfg = Release|Any CPU
		{794D2C91-5FFB-44DF-9BE6-69D5A771AC1D}.Release|Any CPU.Build.0 = Release|Any CPU
		{363A2C48-6B8D-4F7D-9E02-515B6DF6FCAA}.Debug|Any CPU.ActiveCfg = Debug|Any CPU
		{363A2C48-6B8D-4F7D-9E02-515B6DF6FCAA}.Debug|Any CPU.Build.0 = Debug|Any CPU
		{363A2C48-6B8D-4F7D-9E02-515B6DF6FCAA}.Release|Any CPU.ActiveCfg = Release|Any CPU
		{363A2C48-6B8D-4F7D-9E02-515B6DF6FCAA}.Release|Any CPU.Build.0 = Release|Any CPU
		{08C4E6EC-2C2D-4437-BC99-BE7149079AA7}.Debug|Any CPU.ActiveCfg = Debug|Any CPU
		{08C4E6EC-2C2D-4437-BC99-BE7149079AA7}.Debug|Any CPU.Build.0 = Debug|Any CPU
		{08C4E6EC-2C2D-4437-BC99-BE7149079AA7}.Release|Any CPU.ActiveCfg = Release|Any CPU
		{08C4E6EC-2C2D-4437-BC99-BE7149079AA7}.Release|Any CPU.Build.0 = Release|Any CPU
		{7440895A-31C1-452C-8DAC-996FCE4C700E}.Debug|Any CPU.ActiveCfg = Debug|Any CPU
		{7440895A-31C1-452C-8DAC-996FCE4C700E}.Debug|Any CPU.Build.0 = Debug|Any CPU
		{7440895A-31C1-452C-8DAC-996FCE4C700E}.Release|Any CPU.ActiveCfg = Release|Any CPU
		{7440895A-31C1-452C-8DAC-996FCE4C700E}.Release|Any CPU.Build.0 = Release|Any CPU
		{A336CBCE-F39C-4C3C-A24D-DCB28CA39D94}.Debug|Any CPU.ActiveCfg = Debug|Any CPU
		{A336CBCE-F39C-4C3C-A24D-DCB28CA39D94}.Debug|Any CPU.Build.0 = Debug|Any CPU
		{A336CBCE-F39C-4C3C-A24D-DCB28CA39D94}.Release|Any CPU.ActiveCfg = Release|Any CPU
		{A336CBCE-F39C-4C3C-A24D-DCB28CA39D94}.Release|Any CPU.Build.0 = Release|Any CPU
	EndGlobalSection
	GlobalSection(SolutionProperties) = preSolution
		HideSolutionNode = FALSE
	EndGlobalSection
	GlobalSection(NestedProjects) = preSolution
		{668FAC0E-35E5-4303-9A9A-70D8B2FFAC21} = {30682811-1BF3-4569-B71B-C7AC0385F016}
		{8302A8CA-662E-4045-8921-3C4AD635C553} = {668FAC0E-35E5-4303-9A9A-70D8B2FFAC21}
		{EE54C6D2-013B-443A-9E0F-AA0673FEA7E9} = {8302A8CA-662E-4045-8921-3C4AD635C553}
		{A3EE8565-5AFF-4B74-8911-DFEB80602AC7} = {8302A8CA-662E-4045-8921-3C4AD635C553}
		{03B0EC5D-F0EF-4084-9425-595D681678E1} = {8302A8CA-662E-4045-8921-3C4AD635C553}
		{66C2298E-1DE9-4319-87A7-F48CD6ED7875} = {67436825-3B41-42DE-BC2F-361AF1AB47D0}
		{7C73C600-BB4C-416A-A128-F105A7EEDE2C} = {66C2298E-1DE9-4319-87A7-F48CD6ED7875}
		{A009F35B-4376-45EA-A5B5-5B5D14FF57AF} = {30682811-1BF3-4569-B71B-C7AC0385F016}
		{7A20773A-0AE8-4AEF-A772-3770B379F49D} = {A009F35B-4376-45EA-A5B5-5B5D14FF57AF}
		{CD4406EA-E16B-48AC-B8BA-A9516AB6D784} = {A009F35B-4376-45EA-A5B5-5B5D14FF57AF}
		{C09D3B70-8321-467F-BED0-2BCA8FF98B29} = {A009F35B-4376-45EA-A5B5-5B5D14FF57AF}
		{0511CD4E-06E3-4905-9258-79BE0F022012} = {A009F35B-4376-45EA-A5B5-5B5D14FF57AF}
		{F5E693BB-C76F-42E0-8110-0EE5FCA03B19} = {30682811-1BF3-4569-B71B-C7AC0385F016}
		{794D2C91-5FFB-44DF-9BE6-69D5A771AC1D} = {F5E693BB-C76F-42E0-8110-0EE5FCA03B19}
		{363A2C48-6B8D-4F7D-9E02-515B6DF6FCAA} = {F5E693BB-C76F-42E0-8110-0EE5FCA03B19}
		{08C4E6EC-2C2D-4437-BC99-BE7149079AA7} = {F5E693BB-C76F-42E0-8110-0EE5FCA03B19}
		{7440895A-31C1-452C-8DAC-996FCE4C700E} = {F5E693BB-C76F-42E0-8110-0EE5FCA03B19}
		{A336CBCE-F39C-4C3C-A24D-DCB28CA39D94} = {F5E693BB-C76F-42E0-8110-0EE5FCA03B19}
	EndGlobalSection
	GlobalSection(ExtensibilityGlobals) = postSolution
		SolutionGuid = {D66AA739-FB06-41E8-A1CF-F5D823715E92}
	EndGlobalSection
EndGlobal
